
Microsoft Visual Studio Solution File, Format Version 12.00
# Visual Studio Version 16
VisualStudioVersion = 16.0.29306.81
MinimumVisualStudioVersion = 10.0.40219.1
Project("{9A19103F-16F7-4668-BE54-9A1E7A4F7556}") = "Shinobytes.Ravenfall.HeaderlessClient", "Tests\Shinobytes.Ravenfall.TestClient\Shinobytes.Ravenfall.HeaderlessClient.csproj", "{D6525D91-EB14-49E6-9550-2338FA5BFA8D}"
EndProject
Project("{9A19103F-16F7-4668-BE54-9A1E7A4F7556}") = "Shinobytes.Ravenfall.RavenNet", "Libraries\Shinobytes.Ravenfall.RavenNet\Shinobytes.Ravenfall.RavenNet.csproj", "{182ED9CE-9688-456E-97A7-FD6BC374C000}"
EndProject
Project("{2150E333-8FDC-42A3-9474-1A3956D46DE8}") = "Servers", "Servers", "{3CE206F8-D2FF-4CFF-9E80-CAEF18C9D90F}"
EndProject
Project("{2150E333-8FDC-42A3-9474-1A3956D46DE8}") = "Network", "Network", "{F57D1AC3-8F31-42FC-94ED-EBCBF4989930}"
EndProject
Project("{9A19103F-16F7-4668-BE54-9A1E7A4F7556}") = "Shinobytes.Ravenfall.RavenNet.Server", "Libraries\Shinobytes.Ravenfall.RavenNet.Server\Shinobytes.Ravenfall.RavenNet.Server.csproj", "{9BC6BDB7-FD4C-41DC-93E0-FEB11D58F90F}"
EndProject
Project("{2150E333-8FDC-42A3-9474-1A3956D46DE8}") = "Tests", "Tests", "{D392FECE-3688-42B4-9DAE-3B8E5D2D2803}"
EndProject
Project("{9A19103F-16F7-4668-BE54-9A1E7A4F7556}") = "RavenNet.Tests", "Tests\RavenNet.Tests\RavenNet.Tests.csproj", "{D6342C8C-6C7C-491F-883F-B821B2826FEA}"
EndProject
Project("{2150E333-8FDC-42A3-9474-1A3956D46DE8}") = "Docs", "Docs", "{7B04CC41-ECFB-4E0A-9E76-3130FAEA6367}"
	ProjectSection(SolutionItems) = preProject
		Details.md = Details.md
	EndProjectSection
EndProject
Project("{9A19103F-16F7-4668-BE54-9A1E7A4F7556}") = "GameServer", "Servers\GameServer\GameServer.csproj", "{F9BC7282-6FC8-4F05-AAE4-598742524DEB}"
EndProject
Project("{FAE04EC0-301F-11D3-BF4B-00C04F79EFBC}") = "Shinobytes.Ravenfall.Data", "Libraries\Shinobytes.Ravenfall.Data\Shinobytes.Ravenfall.Data.csproj", "{F1FB6F5C-A0FB-4837-B9E4-DFFB524ED505}"
EndProject
Project("{9A19103F-16F7-4668-BE54-9A1E7A4F7556}") = "Shinobytes.Ravenfall.DataModels", "Libraries\Shinobytes.Ravenfall.DataModels\Shinobytes.Ravenfall.DataModels.csproj", "{F4B907A1-E39C-4C2E-97CC-A8FABDEAB06A}"
EndProject
Project("{FAE04EC0-301F-11D3-BF4B-00C04F79EFBC}") = "Shinobytes.Ravenfall.Core", "Libraries\Shinobytes.Ravenfall.Core\Shinobytes.Ravenfall.Core.csproj", "{B88E1A0B-7F81-4F4F-8307-C287F9A377EA}"
EndProject
Project("{FAE04EC0-301F-11D3-BF4B-00C04F79EFBC}") = "Shinobytes.Ravenfall.Data.Entities", "Libraries\Shinobytes.Ravenfall.Data.Entities\Shinobytes.Ravenfall.Data.Entities.csproj", "{72111327-A942-4F75-94E2-ABF2A687F08C}"
EndProject
Project("{FAE04EC0-301F-11D3-BF4B-00C04F79EFBC}") = "Shinobytes.Ravenfall.Data.EntityFramework", "Libraries\Shinobytes.Ravenfall.Data.EntityFramework\Shinobytes.Ravenfall.Data.EntityFramework.csproj", "{9DE7551D-4265-4887-BB3E-94A2F4C764A8}"
EndProject
Project("{2150E333-8FDC-42A3-9474-1A3956D46DE8}") = "Core", "Core", "{937DD41E-7CDC-45DB-AC60-FAF180CF4EB0}"
EndProject
Project("{2150E333-8FDC-42A3-9474-1A3956D46DE8}") = "Libraries", "Libraries", "{86EF8A53-CEA1-4FD0-869D-57FD561AD7CC}"
EndProject
Project("{2150E333-8FDC-42A3-9474-1A3956D46DE8}") = "Data", "Data", "{A3277737-5766-4EA0-945B-7BD5524CF094}"
EndProject
Global
	GlobalSection(SolutionConfigurationPlatforms) = preSolution
		Debug|Any CPU = Debug|Any CPU
		Release|Any CPU = Release|Any CPU
	EndGlobalSection
	GlobalSection(ProjectConfigurationPlatforms) = postSolution
		{D6525D91-EB14-49E6-9550-2338FA5BFA8D}.Debug|Any CPU.ActiveCfg = Debug|Any CPU
		{D6525D91-EB14-49E6-9550-2338FA5BFA8D}.Debug|Any CPU.Build.0 = Debug|Any CPU
		{D6525D91-EB14-49E6-9550-2338FA5BFA8D}.Release|Any CPU.ActiveCfg = Release|Any CPU
		{D6525D91-EB14-49E6-9550-2338FA5BFA8D}.Release|Any CPU.Build.0 = Release|Any CPU
		{182ED9CE-9688-456E-97A7-FD6BC374C000}.Debug|Any CPU.ActiveCfg = Debug|Any CPU
		{182ED9CE-9688-456E-97A7-FD6BC374C000}.Debug|Any CPU.Build.0 = Debug|Any CPU
		{182ED9CE-9688-456E-97A7-FD6BC374C000}.Release|Any CPU.ActiveCfg = Release|Any CPU
		{182ED9CE-9688-456E-97A7-FD6BC374C000}.Release|Any CPU.Build.0 = Release|Any CPU
		{9BC6BDB7-FD4C-41DC-93E0-FEB11D58F90F}.Debug|Any CPU.ActiveCfg = Debug|Any CPU
		{9BC6BDB7-FD4C-41DC-93E0-FEB11D58F90F}.Debug|Any CPU.Build.0 = Debug|Any CPU
		{9BC6BDB7-FD4C-41DC-93E0-FEB11D58F90F}.Release|Any CPU.ActiveCfg = Release|Any CPU
		{9BC6BDB7-FD4C-41DC-93E0-FEB11D58F90F}.Release|Any CPU.Build.0 = Release|Any CPU
		{D6342C8C-6C7C-491F-883F-B821B2826FEA}.Debug|Any CPU.ActiveCfg = Debug|Any CPU
		{D6342C8C-6C7C-491F-883F-B821B2826FEA}.Debug|Any CPU.Build.0 = Debug|Any CPU
		{D6342C8C-6C7C-491F-883F-B821B2826FEA}.Release|Any CPU.ActiveCfg = Release|Any CPU
		{D6342C8C-6C7C-491F-883F-B821B2826FEA}.Release|Any CPU.Build.0 = Release|Any CPU
		{F9BC7282-6FC8-4F05-AAE4-598742524DEB}.Debug|Any CPU.ActiveCfg = Debug|Any CPU
		{F9BC7282-6FC8-4F05-AAE4-598742524DEB}.Debug|Any CPU.Build.0 = Debug|Any CPU
		{F9BC7282-6FC8-4F05-AAE4-598742524DEB}.Release|Any CPU.ActiveCfg = Release|Any CPU
		{F9BC7282-6FC8-4F05-AAE4-598742524DEB}.Release|Any CPU.Build.0 = Release|Any CPU
		{F1FB6F5C-A0FB-4837-B9E4-DFFB524ED505}.Debug|Any CPU.ActiveCfg = Debug|Any CPU
		{F1FB6F5C-A0FB-4837-B9E4-DFFB524ED505}.Debug|Any CPU.Build.0 = Debug|Any CPU
		{F1FB6F5C-A0FB-4837-B9E4-DFFB524ED505}.Release|Any CPU.ActiveCfg = Release|Any CPU
		{F1FB6F5C-A0FB-4837-B9E4-DFFB524ED505}.Release|Any CPU.Build.0 = Release|Any CPU
		{F4B907A1-E39C-4C2E-97CC-A8FABDEAB06A}.Debug|Any CPU.ActiveCfg = Debug|Any CPU
		{F4B907A1-E39C-4C2E-97CC-A8FABDEAB06A}.Debug|Any CPU.Build.0 = Debug|Any CPU
		{F4B907A1-E39C-4C2E-97CC-A8FABDEAB06A}.Release|Any CPU.ActiveCfg = Release|Any CPU
		{F4B907A1-E39C-4C2E-97CC-A8FABDEAB06A}.Release|Any CPU.Build.0 = Release|Any CPU
		{B88E1A0B-7F81-4F4F-8307-C287F9A377EA}.Debug|Any CPU.ActiveCfg = Debug|Any CPU
		{B88E1A0B-7F81-4F4F-8307-C287F9A377EA}.Debug|Any CPU.Build.0 = Debug|Any CPU
		{B88E1A0B-7F81-4F4F-8307-C287F9A377EA}.Release|Any CPU.ActiveCfg = Release|Any CPU
		{B88E1A0B-7F81-4F4F-8307-C287F9A377EA}.Release|Any CPU.Build.0 = Release|Any CPU
		{72111327-A942-4F75-94E2-ABF2A687F08C}.Debug|Any CPU.ActiveCfg = Debug|Any CPU
		{72111327-A942-4F75-94E2-ABF2A687F08C}.Debug|Any CPU.Build.0 = Debug|Any CPU
		{72111327-A942-4F75-94E2-ABF2A687F08C}.Release|Any CPU.ActiveCfg = Release|Any CPU
		{72111327-A942-4F75-94E2-ABF2A687F08C}.Release|Any CPU.Build.0 = Release|Any CPU
		{9DE7551D-4265-4887-BB3E-94A2F4C764A8}.Debug|Any CPU.ActiveCfg = Debug|Any CPU
		{9DE7551D-4265-4887-BB3E-94A2F4C764A8}.Debug|Any CPU.Build.0 = Debug|Any CPU
		{9DE7551D-4265-4887-BB3E-94A2F4C764A8}.Release|Any CPU.ActiveCfg = Release|Any CPU
		{9DE7551D-4265-4887-BB3E-94A2F4C764A8}.Release|Any CPU.Build.0 = Release|Any CPU
	EndGlobalSection
	GlobalSection(SolutionProperties) = preSolution
		HideSolutionNode = FALSE
	EndGlobalSection
	GlobalSection(NestedProjects) = preSolution
		{D6525D91-EB14-49E6-9550-2338FA5BFA8D} = {D392FECE-3688-42B4-9DAE-3B8E5D2D2803}
		{182ED9CE-9688-456E-97A7-FD6BC374C000} = {F57D1AC3-8F31-42FC-94ED-EBCBF4989930}
		{F57D1AC3-8F31-42FC-94ED-EBCBF4989930} = {86EF8A53-CEA1-4FD0-869D-57FD561AD7CC}
		{9BC6BDB7-FD4C-41DC-93E0-FEB11D58F90F} = {F57D1AC3-8F31-42FC-94ED-EBCBF4989930}
		{D6342C8C-6C7C-491F-883F-B821B2826FEA} = {D392FECE-3688-42B4-9DAE-3B8E5D2D2803}
		{F9BC7282-6FC8-4F05-AAE4-598742524DEB} = {3CE206F8-D2FF-4CFF-9E80-CAEF18C9D90F}
		{F1FB6F5C-A0FB-4837-B9E4-DFFB524ED505} = {A3277737-5766-4EA0-945B-7BD5524CF094}
		{F4B907A1-E39C-4C2E-97CC-A8FABDEAB06A} = {A3277737-5766-4EA0-945B-7BD5524CF094}
		{B88E1A0B-7F81-4F4F-8307-C287F9A377EA} = {937DD41E-7CDC-45DB-AC60-FAF180CF4EB0}
		{72111327-A942-4F75-94E2-ABF2A687F08C} = {A3277737-5766-4EA0-945B-7BD5524CF094}
		{9DE7551D-4265-4887-BB3E-94A2F4C764A8} = {A3277737-5766-4EA0-945B-7BD5524CF094}
		{937DD41E-7CDC-45DB-AC60-FAF180CF4EB0} = {86EF8A53-CEA1-4FD0-869D-57FD561AD7CC}
		{A3277737-5766-4EA0-945B-7BD5524CF094} = {86EF8A53-CEA1-4FD0-869D-57FD561AD7CC}
	EndGlobalSection
	GlobalSection(ExtensibilityGlobals) = postSolution
		SolutionGuid = {485DB8AE-8869-4744-B61D-FC491D76D547}
	EndGlobalSection
EndGlobal
